
Microsoft Visual Studio Solution File, Format Version 12.00
# Visual Studio Version 17
VisualStudioVersion = 17.8.34525.116
MinimumVisualStudioVersion = 10.0.40219.1
Project("{FAE04EC0-301F-11D3-BF4B-00C04F79EFBC}") = "WindowsFormsApp4", "WindowsFormsApp4\WindowsFormsApp4.csproj", "{495597AF-18FD-43C0-BB33-024056D1D555}"
EndProject
Global
	GlobalSection(SolutionConfigurationPlatforms) = preSolution
		Debug|Any CPU = Debug|Any CPU
		Release|Any CPU = Release|Any CPU
	EndGlobalSection
	GlobalSection(ProjectConfigurationPlatforms) = postSolution
		{495597AF-18FD-43C0-BB33-024056D1D555}.Debug|Any CPU.ActiveCfg = Debug|Any CPU
		{495597AF-18FD-43C0-BB33-024056D1D555}.Debug|Any CPU.Build.0 = Debug|Any CPU
		{495597AF-18FD-43C0-BB33-024056D1D555}.Release|Any CPU.ActiveCfg = Release|Any CPU
		{495597AF-18FD-43C0-BB33-024056D1D555}.Release|Any CPU.Build.0 = Release|Any CPU
	EndGlobalSection
	GlobalSection(SolutionProperties) = preSolution
		HideSolutionNode = FALSE
	EndGlobalSection
	GlobalSection(ExtensibilityGlobals) = postSolution
		SolutionGuid = {7C635987-01E4-46B9-A770-706C6C1A0EA9}
	EndGlobalSection
EndGlobal
